
Microsoft Visual Studio Solution File, Format Version 12.00
# Visual Studio 15
VisualStudioVersion = 15.0.27703.2042
MinimumVisualStudioVersion = 10.0.40219.1
Project("{8BC9CEB8-8B4A-11D0-8D11-00A0C91BC942}") = "PandoraLoader", "PandoraLoader\PandoraLoader.vcxproj", "{6E5937FD-AEFF-4BB7-BFBC-673DECEB6CFE}"
EndProject
Global
	GlobalSection(SolutionConfigurationPlatforms) = preSolution
		Debug|x64 = Debug|x64
		Debug|x86 = Debug|x86
		Release|x64 = Release|x64
		Release|x86 = Release|x86
	EndGlobalSection
	GlobalSection(ProjectConfigurationPlatforms) = postSolution
		{6E5937FD-AEFF-4BB7-BFBC-673DECEB6CFE}.Debug|x64.ActiveCfg = Debug|x64
		{6E5937FD-AEFF-4BB7-BFBC-673DECEB6CFE}.Debug|x64.Build.0 = Debug|x64
		{6E5937FD-AEFF-4BB7-BFBC-673DECEB6CFE}.Debug|x86.ActiveCfg = Debug|Win32
		{6E5937FD-AEFF-4BB7-BFBC-673DECEB6CFE}.Debug|x86.Build.0 = Debug|Win32
		{6E5937FD-AEFF-4BB7-BFBC-673DECEB6CFE}.Release|x64.ActiveCfg = Release|x64
		{6E5937FD-AEFF-4BB7-BFBC-673DECEB6CFE}.Release|x64.Build.0 = Release|x64
		{6E5937FD-AEFF-4BB7-BFBC-673DECEB6CFE}.Release|x86.ActiveCfg = Release|Win32
		{6E5937FD-AEFF-4BB7-BFBC-673DECEB6CFE}.Release|x86.Build.0 = Release|Win32
	EndGlobalSection
	GlobalSection(SolutionProperties) = preSolution
		HideSolutionNode = FALSE
	EndGlobalSection
	GlobalSection(ExtensibilityGlobals) = postSolution
		SolutionGuid = {E8390F59-7CC3-49EE-B6C0-8534D71CA254}
	EndGlobalSection
EndGlobal
